
Microsoft Visual Studio Solution File, Format Version 12.00
# Visual Studio 15
VisualStudioVersion = 15.0.27703.2042
MinimumVisualStudioVersion = 10.0.40219.1
Project("{FAE04EC0-301F-11D3-BF4B-00C04F79EFBC}") = "Kalkulator", "Kalkulator\Kalkulator.csproj", "{F5067E5C-D231-4AFF-830F-E6D70A79B184}"
EndProject
Global
	GlobalSection(SolutionConfigurationPlatforms) = preSolution
		Debug|Any CPU = Debug|Any CPU
		Release|Any CPU = Release|Any CPU
	EndGlobalSection
	GlobalSection(ProjectConfigurationPlatforms) = postSolution
		{F5067E5C-D231-4AFF-830F-E6D70A79B184}.Debug|Any CPU.ActiveCfg = Debug|Any CPU
		{F5067E5C-D231-4AFF-830F-E6D70A79B184}.Debug|Any CPU.Build.0 = Debug|Any CPU
		{F5067E5C-D231-4AFF-830F-E6D70A79B184}.Release|Any CPU.ActiveCfg = Release|Any CPU
		{F5067E5C-D231-4AFF-830F-E6D70A79B184}.Release|Any CPU.Build.0 = Release|Any CPU
	EndGlobalSection
	GlobalSection(SolutionProperties) = preSolution
		HideSolutionNode = FALSE
	EndGlobalSection
	GlobalSection(ExtensibilityGlobals) = postSolution
		SolutionGuid = {A8B977F7-D0F2-41A9-A2ED-58C66A2B8E91}
	EndGlobalSection
EndGlobal
